// !$*UTF8*$!
{
	archiveVersion = 1;
	classes = {
	};
	objectVersion = 46;
	objects = {

/* Begin PBXBuildFile section */
		D40C351B1D9CD6DA00808D67 /* AppDelegate.swift in Sources */ = {isa = PBXBuildFile; fileRef = D40C351A1D9CD6DA00808D67 /* AppDelegate.swift */; };
		D40C35201D9CD6DA00808D67 /* Main.storyboard in Resources */ = {isa = PBXBuildFile; fileRef = D40C351E1D9CD6DA00808D67 /* Main.storyboard */; };
		D40C35221D9CD6DA00808D67 /* Assets.xcassets in Resources */ = {isa = PBXBuildFile; fileRef = D40C35211D9CD6DA00808D67 /* Assets.xcassets */; };
		D40C35251D9CD6DA00808D67 /* LaunchScreen.storyboard in Resources */ = {isa = PBXBuildFile; fileRef = D40C35231D9CD6DA00808D67 /* LaunchScreen.storyboard */; };
		D40C352D1D9CDDAB00808D67 /* LogInViewController.swift in Sources */ = {isa = PBXBuildFile; fileRef = D40C352C1D9CDDAB00808D67 /* LogInViewController.swift */; };
		D40C352F1D9CDE9800808D67 /* Data.swift in Sources */ = {isa = PBXBuildFile; fileRef = D40C352E1D9CDE9800808D67 /* Data.swift */; };
		D40C35321D9CEA2200808D67 /* Biography.swift in Sources */ = {isa = PBXBuildFile; fileRef = D40C35311D9CEA2200808D67 /* Biography.swift */; };
		D40C35341D9CEB0C00808D67 /* Student.swift in Sources */ = {isa = PBXBuildFile; fileRef = D40C35331D9CEB0C00808D67 /* Student.swift */; };
		D42FD5B81D9CF92C0069FBD6 /* StudentTableViewCell.swift in Sources */ = {isa = PBXBuildFile; fileRef = D42FD5B71D9CF92C0069FBD6 /* StudentTableViewCell.swift */; };
		D42FD5BA1D9CFD040069FBD6 /* StudentsTableViewController.swift in Sources */ = {isa = PBXBuildFile; fileRef = D42FD5B91D9CFD040069FBD6 /* StudentsTableViewController.swift */; };
		D42FD5BC1D9D24B70069FBD6 /* DetailViewController.swift in Sources */ = {isa = PBXBuildFile; fileRef = D42FD5BB1D9D24B70069FBD6 /* DetailViewController.swift */; };
		D47BDBA61D9ECD730084008F /* FilterViewController.swift in Sources */ = {isa = PBXBuildFile; fileRef = D47BDBA51D9ECD730084008F /* FilterViewController.swift */; };
/* End PBXBuildFile section */

/* Begin PBXFileReference section */
		D40C35171D9CD6DA00808D67 /* C4QStudentBook.app */ = {isa = PBXFileReference; explicitFileType = wrapper.application; includeInIndex = 0; path = C4QStudentBook.app; sourceTree = BUILT_PRODUCTS_DIR; };
		D40C351A1D9CD6DA00808D67 /* AppDelegate.swift */ = {isa = PBXFileReference; lastKnownFileType = sourcecode.swift; path = AppDelegate.swift; sourceTree = "<group>"; };
		D40C351F1D9CD6DA00808D67 /* Base */ = {isa = PBXFileReference; lastKnownFileType = file.storyboard; name = Base; path = Base.lproj/Main.storyboard; sourceTree = "<group>"; };
		D40C35211D9CD6DA00808D67 /* Assets.xcassets */ = {isa = PBXFileReference; lastKnownFileType = folder.assetcatalog; path = Assets.xcassets; sourceTree = "<group>"; };
		D40C35241D9CD6DA00808D67 /* Base */ = {isa = PBXFileReference; lastKnownFileType = file.storyboard; name = Base; path = Base.lproj/LaunchScreen.storyboard; sourceTree = "<group>"; };
		D40C35261D9CD6DA00808D67 /* Info.plist */ = {isa = PBXFileReference; lastKnownFileType = text.plist.xml; path = Info.plist; sourceTree = "<group>"; };
		D40C352C1D9CDDAB00808D67 /* LogInViewController.swift */ = {isa = PBXFileReference; fileEncoding = 4; lastKnownFileType = sourcecode.swift; path = LogInViewController.swift; sourceTree = "<group>"; };
		D40C352E1D9CDE9800808D67 /* Data.swift */ = {isa = PBXFileReference; fileEncoding = 4; lastKnownFileType = sourcecode.swift; path = Data.swift; sourceTree = "<group>"; };
		D40C35311D9CEA2200808D67 /* Biography.swift */ = {isa = PBXFileReference; fileEncoding = 4; lastKnownFileType = sourcecode.swift; path = Biography.swift; sourceTree = "<group>"; };
		D40C35331D9CEB0C00808D67 /* Student.swift */ = {isa = PBXFileReference; fileEncoding = 4; lastKnownFileType = sourcecode.swift; path = Student.swift; sourceTree = "<group>"; };
		D42FD5B71D9CF92C0069FBD6 /* StudentTableViewCell.swift */ = {isa = PBXFileReference; fileEncoding = 4; lastKnownFileType = sourcecode.swift; path = StudentTableViewCell.swift; sourceTree = "<group>"; };
		D42FD5B91D9CFD040069FBD6 /* StudentsTableViewController.swift */ = {isa = PBXFileReference; fileEncoding = 4; lastKnownFileType = sourcecode.swift; path = StudentsTableViewController.swift; sourceTree = "<group>"; };
		D42FD5BB1D9D24B70069FBD6 /* DetailViewController.swift */ = {isa = PBXFileReference; fileEncoding = 4; lastKnownFileType = sourcecode.swift; path = DetailViewController.swift; sourceTree = "<group>"; };
		D47BDBA51D9ECD730084008F /* FilterViewController.swift */ = {isa = PBXFileReference; fileEncoding = 4; lastKnownFileType = sourcecode.swift; path = FilterViewController.swift; sourceTree = "<group>"; };
/* End PBXFileReference section */

/* Begin PBXFrameworksBuildPhase section */
		D40C35141D9CD6D900808D67 /* Frameworks */ = {
			isa = PBXFrameworksBuildPhase;
			buildActionMask = 2147483647;
			files = (
			);
			runOnlyForDeploymentPostprocessing = 0;
		};
/* End PBXFrameworksBuildPhase section */

/* Begin PBXGroup section */
		D40C350E1D9CD6D900808D67 = {
			isa = PBXGroup;
			children = (
				D40C35191D9CD6DA00808D67 /* C4QStudentBook */,
				D40C35181D9CD6DA00808D67 /* Products */,
			);
			sourceTree = "<group>";
		};
		D40C35181D9CD6DA00808D67 /* Products */ = {
			isa = PBXGroup;
			children = (
				D40C35171D9CD6DA00808D67 /* C4QStudentBook.app */,
			);
			name = Products;
			sourceTree = "<group>";
		};
		D40C35191D9CD6DA00808D67 /* C4QStudentBook */ = {
			isa = PBXGroup;
			children = (
				D42AFE471DAB079D00C393BB /* Storyboard */,
				D47BDBA71D9ECD8F0084008F /* View */,
				D40C35301D9CEA1200808D67 /* Model */,
				D42AFE461DAB076D00C393BB /* Controller */,
				D40C351A1D9CD6DA00808D67 /* AppDelegate.swift */,
				D40C35211D9CD6DA00808D67 /* Assets.xcassets */,
				D40C35261D9CD6DA00808D67 /* Info.plist */,
			);
			path = C4QStudentBook;
			sourceTree = "<group>";
		};
		D40C35301D9CEA1200808D67 /* Model */ = {
			isa = PBXGroup;
			children = (
				D40C352E1D9CDE9800808D67 /* Data.swift */,
				D40C35311D9CEA2200808D67 /* Biography.swift */,
				D40C35331D9CEB0C00808D67 /* Student.swift */,
			);
			name = Model;
			sourceTree = "<group>";
		};
		D42AFE461DAB076D00C393BB /* Controller */ = {
			isa = PBXGroup;
			children = (
				D40C352C1D9CDDAB00808D67 /* LogInViewController.swift */,
				D42FD5B91D9CFD040069FBD6 /* StudentsTableViewController.swift */,
				D42FD5BB1D9D24B70069FBD6 /* DetailViewController.swift */,
				D47BDBA51D9ECD730084008F /* FilterViewController.swift */,
			);
			name = Controller;
			sourceTree = "<group>";
		};
		D42AFE471DAB079D00C393BB /* Storyboard */ = {
			isa = PBXGroup;
			children = (
				D40C35231D9CD6DA00808D67 /* LaunchScreen.storyboard */,
				D40C351E1D9CD6DA00808D67 /* Main.storyboard */,
			);
			name = Storyboard;
			sourceTree = "<group>";
		};
		D47BDBA71D9ECD8F0084008F /* View */ = {
			isa = PBXGroup;
			children = (
				D42FD5B71D9CF92C0069FBD6 /* StudentTableViewCell.swift */,
			);
			name = View;
			sourceTree = "<group>";
		};
/* End PBXGroup section */

/* Begin PBXNativeTarget section */
		D40C35161D9CD6D900808D67 /* C4QStudentBook */ = {
			isa = PBXNativeTarget;
			buildConfigurationList = D40C35291D9CD6DA00808D67 /* Build configuration list for PBXNativeTarget "C4QStudentBook" */;
			buildPhases = (
				D40C35131D9CD6D900808D67 /* Sources */,
				D40C35141D9CD6D900808D67 /* Frameworks */,
				D40C35151D9CD6D900808D67 /* Resources */,
			);
			buildRules = (
			);
			dependencies = (
			);
			name = C4QStudentBook;
			productName = C4QStudentBook;
			productReference = D40C35171D9CD6DA00808D67 /* C4QStudentBook.app */;
			productType = "com.apple.product-type.application";
		};
/* End PBXNativeTarget section */

/* Begin PBXProject section */
		D40C350F1D9CD6D900808D67 /* Project object */ = {
			isa = PBXProject;
			attributes = {
				LastSwiftUpdateCheck = 0800;
				LastUpgradeCheck = 0800;
				ORGANIZATIONNAME = "Jason Wang";
				TargetAttributes = {
					D40C35161D9CD6D900808D67 = {
						CreatedOnToolsVersion = 8.0;
						DevelopmentTeam = 55V3ELH4AV;
						ProvisioningStyle = Automatic;
					};
				};
			};
			buildConfigurationList = D40C35121D9CD6D900808D67 /* Build configuration list for PBXProject "C4QStudentBook" */;
			compatibilityVersion = "Xcode 3.2";
			developmentRegion = English;
			hasScannedForEncodings = 0;
			knownRegions = (
				en,
				Base,
			);
			mainGroup = D40C350E1D9CD6D900808D67;
			productRefGroup = D40C35181D9CD6DA00808D67 /* Products */;
			projectDirPath = "";
			projectRoot = "";
			targets = (
				D40C35161D9CD6D900808D67 /* C4QStudentBook */,
			);
		};
/* End PBXProject section */

/* Begin PBXResourcesBuildPhase section */
		D40C35151D9CD6D900808D67 /* Resources */ = {
			isa = PBXResourcesBuildPhase;
			buildActionMask = 2147483647;
			files = (
				D40C35251D9CD6DA00808D67 /* LaunchScreen.storyboard in Resources */,
				D40C35221D9CD6DA00808D67 /* Assets.xcassets in Resources */,
				D40C35201D9CD6DA00808D67 /* Main.storyboard in Resources */,
			);
			runOnlyForDeploymentPostprocessing = 0;
		};
/* End PBXResourcesBuildPhase section */

/* Begin PBXSourcesBuildPhase section */
		D40C35131D9CD6D900808D67 /* Sources */ = {
			isa = PBXSourcesBuildPhase;
			buildActionMask = 2147483647;
			files = (
				D40C351B1D9CD6DA00808D67 /* AppDelegate.swift in Sources */,
				D40C352F1D9CDE9800808D67 /* Data.swift in Sources */,
				D40C35321D9CEA2200808D67 /* Biography.swift in Sources */,
				D47BDBA61D9ECD730084008F /* FilterViewController.swift in Sources */,
				D40C35341D9CEB0C00808D67 /* Student.swift in Sources */,
				D40C352D1D9CDDAB00808D67 /* LogInViewController.swift in Sources */,
				D42FD5BA1D9CFD040069FBD6 /* StudentsTableViewController.swift in Sources */,
				D42FD5B81D9CF92C0069FBD6 /* StudentTableViewCell.swift in Sources */,
				D42FD5BC1D9D24B70069FBD6 /* DetailViewController.swift in Sources */,
			);
			runOnlyForDeploymentPostprocessing = 0;
		};
/* End PBXSourcesBuildPhase section */

/* Begin PBXVariantGroup section */
		D40C351E1D9CD6DA00808D67 /* Main.storyboard */ = {
			isa = PBXVariantGroup;
			children = (
				D40C351F1D9CD6DA00808D67 /* Base */,
			);
			name = Main.storyboard;
			sourceTree = "<group>";
		};
		D40C35231D9CD6DA00808D67 /* LaunchScreen.storyboard */ = {
			isa = PBXVariantGroup;
			children = (
				D40C35241D9CD6DA00808D67 /* Base */,
			);
			name = LaunchScreen.storyboard;
			sourceTree = "<group>";
		};
/* End PBXVariantGroup section */

/* Begin XCBuildConfiguration section */
		D40C35271D9CD6DA00808D67 /* Debug */ = {
			isa = XCBuildConfiguration;
			buildSettings = {
				ALWAYS_SEARCH_USER_PATHS = NO;
				CLANG_ANALYZER_NONNULL = YES;
				CLANG_CXX_LANGUAGE_STANDARD = "gnu++0x";
				CLANG_CXX_LIBRARY = "libc++";
				CLANG_ENABLE_MODULES = YES;
				CLANG_ENABLE_OBJC_ARC = YES;
				CLANG_WARN_BOOL_CONVERSION = YES;
				CLANG_WARN_CONSTANT_CONVERSION = YES;
				CLANG_WARN_DIRECT_OBJC_ISA_USAGE = YES_ERROR;
				CLANG_WARN_DOCUMENTATION_COMMENTS = YES;
				CLANG_WARN_EMPTY_BODY = YES;
				CLANG_WARN_ENUM_CONVERSION = YES;
				CLANG_WARN_INFINITE_RECURSION = YES;
				CLANG_WARN_INT_CONVERSION = YES;
				CLANG_WARN_OBJC_ROOT_CLASS = YES_ERROR;
				CLANG_WARN_SUSPICIOUS_MOVES = YES;
				CLANG_WARN_UNREACHABLE_CODE = YES;
				CLANG_WARN__DUPLICATE_METHOD_MATCH = YES;
				"CODE_SIGN_IDENTITY[sdk=iphoneos*]" = "iPhone Developer";
				COPY_PHASE_STRIP = NO;
				DEBUG_INFORMATION_FORMAT = dwarf;
				ENABLE_STRICT_OBJC_MSGSEND = YES;
				ENABLE_TESTABILITY = YES;
				GCC_C_LANGUAGE_STANDARD = gnu99;
				GCC_DYNAMIC_NO_PIC = NO;
				GCC_NO_COMMON_BLOCKS = YES;
				GCC_OPTIMIZATION_LEVEL = 0;
				GCC_PREPROCESSOR_DEFINITIONS = (
					"DEBUG=1",
					"$(inherited)",
				);
				GCC_WARN_64_TO_32_BIT_CONVERSION = YES;
				GCC_WARN_ABOUT_RETURN_TYPE = YES_ERROR;
				GCC_WARN_UNDECLARED_SELECTOR = YES;
				GCC_WARN_UNINITIALIZED_AUTOS = YES_AGGRESSIVE;
				GCC_WARN_UNUSED_FUNCTION = YES;
				GCC_WARN_UNUSED_VARIABLE = YES;
				IPHONEOS_DEPLOYMENT_TARGET = 10.0;
				MTL_ENABLE_DEBUG_INFO = YES;
				ONLY_ACTIVE_ARCH = YES;
				SDKROOT = iphoneos;
				SWIFT_ACTIVE_COMPILATION_CONDITIONS = DEBUG;
				SWIFT_OPTIMIZATION_LEVEL = "-Onone";
				TARGETED_DEVICE_FAMILY = "1,2";
			};
			name = Debug;
		};
		D40C35281D9CD6DA00808D67 /* Release */ = {
			isa = XCBuildConfiguration;
			buildSettings = {
				ALWAYS_SEARCH_USER_PATHS = NO;
				CLANG_ANALYZER_NONNULL = YES;
				CLANG_CXX_LANGUAGE_STANDARD = "gnu++0x";
				CLANG_CXX_LIBRARY = "libc++";
				CLANG_ENABLE_MODULES = YES;
				CLANG_ENABLE_OBJC_ARC = YES;
				CLANG_WARN_BOOL_CONVERSION = YES;
				CLANG_WARN_CONSTANT_CONVERSION = YES;
				CLANG_WARN_DIRECT_OBJC_ISA_USAGE = YES_ERROR;
				CLANG_WARN_DOCUMENTATION_COMMENTS = YES;
				CLANG_WARN_EMPTY_BODY = YES;
				CLANG_WARN_ENUM_CONVERSION = YES;
				CLANG_WARN_INFINITE_RECURSION = YES;
				CLANG_WARN_INT_CONVERSION = YES;
				CLANG_WARN_OBJC_ROOT_CLASS = YES_ERROR;
				CLANG_WARN_SUSPICIOUS_MOVES = YES;
				CLANG_WARN_UNREACHABLE_CODE = YES;
				CLANG_WARN__DUPLICATE_METHOD_MATCH = YES;
				"CODE_SIGN_IDENTITY[sdk=iphoneos*]" = "iPhone Developer";
				COPY_PHASE_STRIP = NO;
				DEBUG_INFORMATION_FORMAT = "dwarf-with-dsym";
				ENABLE_NS_ASSERTIONS = NO;
				ENABLE_STRICT_OBJC_MSGSEND = YES;
				GCC_C_LANGUAGE_STANDARD = gnu99;
				GCC_NO_COMMON_BLOCKS = YES;
				GCC_WARN_64_TO_32_BIT_CONVERSION = YES;
				GCC_WARN_ABOUT_RETURN_TYPE = YES_ERROR;
				GCC_WARN_UNDECLARED_SELECTOR = YES;
				GCC_WARN_UNINITIALIZED_AUTOS = YES_AGGRESSIVE;
				GCC_WARN_UNUSED_FUNCTION = YES;
				GCC_WARN_UNUSED_VARIABLE = YES;
				IPHONEOS_DEPLOYMENT_TARGET = 10.0;
				MTL_ENABLE_DEBUG_INFO = NO;
				SDKROOT = iphoneos;
				SWIFT_OPTIMIZATION_LEVEL = "-Owholemodule";
				TARGETED_DEVICE_FAMILY = "1,2";
				VALIDATE_PRODUCT = YES;
			};
			name = Release;
		};
		D40C352A1D9CD6DA00808D67 /* Debug */ = {
			isa = XCBuildConfiguration;
			buildSettings = {
				ASSETCATALOG_COMPILER_APPICON_NAME = AppIcon;
				"CODE_SIGN_IDENTITY[sdk=iphoneos*]" = "iPhone Developer";
				DEVELOPMENT_TEAM = 55V3ELH4AV;
				INFOPLIST_FILE = C4QStudentBook/Info.plist;
				LD_RUNPATH_SEARCH_PATHS = "$(inherited) @executable_path/Frameworks";
				PRODUCT_BUNDLE_IDENTIFIER = com.JasonWang.C4QStudentBook;
				PRODUCT_NAME = "$(TARGET_NAME)";
				SWIFT_VERSION = 3.0;
			};
			name = Debug;
		};
		D40C352B1D9CD6DA00808D67 /* Release */ = {
			isa = XCBuildConfiguration;
			buildSettings = {
				ASSETCATALOG_COMPILER_APPICON_NAME = AppIcon;
				"CODE_SIGN_IDENTITY[sdk=iphoneos*]" = "iPhone Developer";
				DEVELOPMENT_TEAM = 55V3ELH4AV;
				INFOPLIST_FILE = C4QStudentBook/Info.plist;
				LD_RUNPATH_SEARCH_PATHS = "$(inherited) @executable_path/Frameworks";
				PRODUCT_BUNDLE_IDENTIFIER = com.JasonWang.C4QStudentBook;
				PRODUCT_NAME = "$(TARGET_NAME)";
				SWIFT_VERSION = 3.0;
			};
			name = Release;
		};
/* End XCBuildConfiguration section */

/* Begin XCConfigurationList section */
		D40C35121D9CD6D900808D67 /* Build configuration list for PBXProject "C4QStudentBook" */ = {
			isa = XCConfigurationList;
			buildConfigurations = (
				D40C35271D9CD6DA00808D67 /* Debug */,
				D40C35281D9CD6DA00808D67 /* Release */,
			);
			defaultConfigurationIsVisible = 0;
			defaultConfigurationName = Release;
		};
		D40C35291D9CD6DA00808D67 /* Build configuration list for PBXNativeTarget "C4QStudentBook" */ = {
			isa = XCConfigurationList;
			buildConfigurations = (
				D40C352A1D9CD6DA00808D67 /* Debug */,
				D40C352B1D9CD6DA00808D67 /* Release */,
			);
			defaultConfigurationIsVisible = 0;
			defaultConfigurationName = Release;
		};
/* End XCConfigurationList section */
	};
	rootObject = D40C350F1D9CD6D900808D67 /* Project object */;
}
